
Microsoft Visual Studio Solution File, Format Version 12.00
# Visual Studio 2013
VisualStudioVersion = 12.0.31101.0
MinimumVisualStudioVersion = 10.0.40219.1
Project("{FAE04EC0-301F-11D3-BF4B-00C04F79EFBC}") = "CAD.Web.Host", "CAD.Web.Host\CAD.Web.Host.csproj", "{84A61827-1FD7-441D-8883-B216A62FD824}"
EndProject
Project("{2150E333-8FDC-42A3-9474-1A3956D46DE8}") = ".nuget", ".nuget", "{9B8B2269-F766-4A33-BCB3-BA4189482155}"
	ProjectSection(SolutionItems) = preProject
		CAD.Web.Host\.nuget\NuGet.Config = CAD.Web.Host\.nuget\NuGet.Config
		.nuget\NuGet.Config = .nuget\NuGet.Config
		CAD.Web.Host\.nuget\NuGet.exe = CAD.Web.Host\.nuget\NuGet.exe
		.nuget\NuGet.exe = .nuget\NuGet.exe
		CAD.Web.Host\.nuget\NuGet.targets = CAD.Web.Host\.nuget\NuGet.targets
		.nuget\NuGet.targets = .nuget\NuGet.targets
	EndProjectSection
EndProject
Project("{FAE04EC0-301F-11D3-BF4B-00C04F79EFBC}") = "CAD.Web.Module", "CAD.Web.Module\CAD.Web.Module.csproj", "{AC9AF559-761F-4BFD-BB8D-6FC40C71A00C}"
EndProject
Global
	GlobalSection(SolutionConfigurationPlatforms) = preSolution
		Debug|Any CPU = Debug|Any CPU
		Release|Any CPU = Release|Any CPU
	EndGlobalSection
	GlobalSection(ProjectConfigurationPlatforms) = postSolution
		{84A61827-1FD7-441D-8883-B216A62FD824}.Debug|Any CPU.ActiveCfg = Release|Any CPU
		{84A61827-1FD7-441D-8883-B216A62FD824}.Debug|Any CPU.Build.0 = Release|Any CPU
		{84A61827-1FD7-441D-8883-B216A62FD824}.Release|Any CPU.ActiveCfg = Release|Any CPU
		{84A61827-1FD7-441D-8883-B216A62FD824}.Release|Any CPU.Build.0 = Release|Any CPU
		{AC9AF559-761F-4BFD-BB8D-6FC40C71A00C}.Debug|Any CPU.ActiveCfg = Debug|Any CPU
		{AC9AF559-761F-4BFD-BB8D-6FC40C71A00C}.Debug|Any CPU.Build.0 = Debug|Any CPU
		{AC9AF559-761F-4BFD-BB8D-6FC40C71A00C}.Release|Any CPU.ActiveCfg = Release|Any CPU
		{AC9AF559-761F-4BFD-BB8D-6FC40C71A00C}.Release|Any CPU.Build.0 = Release|Any CPU
	EndGlobalSection
	GlobalSection(SolutionProperties) = preSolution
		HideSolutionNode = FALSE
	EndGlobalSection
EndGlobal
